
Microsoft Visual Studio Solution File, Format Version 12.00
# Visual Studio Version 16
VisualStudioVersion = 16.0.30804.86
MinimumVisualStudioVersion = 10.0.40219.1
Project("{8BC9CEB8-8B4A-11D0-8D11-00A0C91BC942}") = "DivisibleSumPairs", "DivisibleSumPairs\DivisibleSumPairs.vcxproj", "{2C673BBA-F124-4A87-8485-5ED564191C26}"
EndProject
Project("{2150E333-8FDC-42A3-9474-1A3956D46DE8}") = "Solution Items", "Solution Items", "{8FF9119D-CAD7-447B-B296-260E75112408}"
	ProjectSection(SolutionItems) = preProject
		ReadMe.pdf = ReadMe.pdf
	EndProjectSection
EndProject
Global
	GlobalSection(SolutionConfigurationPlatforms) = preSolution
		Debug|x64 = Debug|x64
		Debug|x86 = Debug|x86
		Release|x64 = Release|x64
		Release|x86 = Release|x86
	EndGlobalSection
	GlobalSection(ProjectConfigurationPlatforms) = postSolution
		{2C673BBA-F124-4A87-8485-5ED564191C26}.Debug|x64.ActiveCfg = Debug|x64
		{2C673BBA-F124-4A87-8485-5ED564191C26}.Debug|x64.Build.0 = Debug|x64
		{2C673BBA-F124-4A87-8485-5ED564191C26}.Debug|x86.ActiveCfg = Debug|Win32
		{2C673BBA-F124-4A87-8485-5ED564191C26}.Debug|x86.Build.0 = Debug|Win32
		{2C673BBA-F124-4A87-8485-5ED564191C26}.Release|x64.ActiveCfg = Release|x64
		{2C673BBA-F124-4A87-8485-5ED564191C26}.Release|x64.Build.0 = Release|x64
		{2C673BBA-F124-4A87-8485-5ED564191C26}.Release|x86.ActiveCfg = Release|Win32
		{2C673BBA-F124-4A87-8485-5ED564191C26}.Release|x86.Build.0 = Release|Win32
	EndGlobalSection
	GlobalSection(SolutionProperties) = preSolution
		HideSolutionNode = FALSE
	EndGlobalSection
	GlobalSection(ExtensibilityGlobals) = postSolution
		SolutionGuid = {2C5C12BF-9F85-4CE8-85B8-985EA3438F3B}
	EndGlobalSection
EndGlobal
